// !$*UTF8*$!
{
	archiveVersion = 1;
	classes = {
	};
	objectVersion = 55;
	objects = {

/* Begin PBXBuildFile section */
		F002BA09270551DC001F3473 /* AppDelegate.swift in Sources */ = {isa = PBXBuildFile; fileRef = F002BA08270551DC001F3473 /* AppDelegate.swift */; };
		F002BA0B270551DC001F3473 /* SceneDelegate.swift in Sources */ = {isa = PBXBuildFile; fileRef = F002BA0A270551DC001F3473 /* SceneDelegate.swift */; };
		F002BA0D270551DC001F3473 /* ViewController.swift in Sources */ = {isa = PBXBuildFile; fileRef = F002BA0C270551DC001F3473 /* ViewController.swift */; };
		F002BA10270551DC001F3473 /* Main.storyboard in Resources */ = {isa = PBXBuildFile; fileRef = F002BA0E270551DC001F3473 /* Main.storyboard */; };
		F002BA12270551DE001F3473 /* Assets.xcassets in Resources */ = {isa = PBXBuildFile; fileRef = F002BA11270551DE001F3473 /* Assets.xcassets */; };
		F002BA15270551DE001F3473 /* LaunchScreen.storyboard in Resources */ = {isa = PBXBuildFile; fileRef = F002BA13270551DE001F3473 /* LaunchScreen.storyboard */; };
		F002BA2B270557DD001F3473 /* HomeViewController.swift in Sources */ = {isa = PBXBuildFile; fileRef = F002BA2A270557DD001F3473 /* HomeViewController.swift */; };
		F002BA3527058A6E001F3473 /* TrackCollectionViewCell.swift in Sources */ = {isa = PBXBuildFile; fileRef = F002BA3427058A6E001F3473 /* TrackCollectionViewCell.swift */; };
		F002BA4127058D37001F3473 /* Extension+AVPlayerItem.swift in Sources */ = {isa = PBXBuildFile; fileRef = F002BA3E27058D24001F3473 /* Extension+AVPlayerItem.swift */; };
		F002BA4227058D37001F3473 /* Track.swift in Sources */ = {isa = PBXBuildFile; fileRef = F002BA3F27058D24001F3473 /* Track.swift */; };
		F002BA4327058D37001F3473 /* TrackManager.swift in Sources */ = {isa = PBXBuildFile; fileRef = F002BA4027058D24001F3473 /* TrackManager.swift */; };
		F0AA636327069FDD00F7957C /* TrackCollectionHeaderView.swift in Sources */ = {isa = PBXBuildFile; fileRef = F0AA636227069FDD00F7957C /* TrackCollectionHeaderView.swift */; };
		F0AA636D2706C94C00F7957C /* 마미손 - 사랑은.mp3 in Resources */ = {isa = PBXBuildFile; fileRef = F0AA63642706C94C00F7957C /* 마미손 - 사랑은.mp3 */; };
		F0AA636E2706C94C00F7957C /* Jo Jung Suk (조정석) - ALOHA [아로하] Lyrics 가사 [Han Rom Eng] 슬기로운 의사생활 OST Part 3   Hospital Playlist OST.mp3 in Resources */ = {isa = PBXBuildFile; fileRef = F0AA63652706C94C00F7957C /* Jo Jung Suk (조정석) - ALOHA [아로하] Lyrics 가사 [Han Rom Eng] 슬기로운 의사생활 OST Part 3   Hospital Playlist OST.mp3 */; };
		F0AA63702706C94C00F7957C /* IU - Coin.mp3 in Resources */ = {isa = PBXBuildFile; fileRef = F0AA63672706C94C00F7957C /* IU - Coin.mp3 */; };
		F0AA63712706C94C00F7957C /* M.O.M(MSG워너비) - 바라만 본다.mp3 in Resources */ = {isa = PBXBuildFile; fileRef = F0AA63682706C94C00F7957C /* M.O.M(MSG워너비) - 바라만 본다.mp3 */; };
		F0AA63722706C94C00F7957C /* MSG워너비(정상동기) - 나를 아는 사람.mp3 in Resources */ = {isa = PBXBuildFile; fileRef = F0AA63692706C94C00F7957C /* MSG워너비(정상동기) - 나를 아는 사람.mp3 */; };
		F0AA63732706C94C00F7957C /* 규현 - 내 마음이 움찔했던 순간 (취향저격 그녀 X 규현)   가사.mp3 in Resources */ = {isa = PBXBuildFile; fileRef = F0AA636A2706C94C00F7957C /* 규현 - 내 마음이 움찔했던 순간 (취향저격 그녀 X 규현)   가사.mp3 */; };
		F0AA63742706C94C00F7957C /* IU - Flu.mp3 in Resources */ = {isa = PBXBuildFile; fileRef = F0AA636B2706C94C00F7957C /* IU - Flu.mp3 */; };
		F0AA63752706C94C00F7957C /* STAYC - ASAP.mp3 in Resources */ = {isa = PBXBuildFile; fileRef = F0AA636C2706C94C00F7957C /* STAYC - ASAP.mp3 */; };
		F0AA63772706D14100F7957C /* 24kGoldn - Mood (Lyrics) ft. Iann Dior.mp3 in Resources */ = {isa = PBXBuildFile; fileRef = F0AA63762706D14100F7957C /* 24kGoldn - Mood (Lyrics) ft. Iann Dior.mp3 */; };
		F0AA63792706D3C000F7957C /* Stream K.Will (케이윌) - 시간을 거슬러 (낮에 뜨는 달 X 케이윌) (Back In Time (The Moon during the Day)) by L2Share♫141 _ Listen online for free on SoundCloud.mp3 in Resources */ = {isa = PBXBuildFile; fileRef = F0AA63782706D3C000F7957C /* Stream K.Will (케이윌) - 시간을 거슬러 (낮에 뜨는 달 X 케이윌) (Back In Time (The Moon during the Day)) by L2Share♫141 _ Listen online for free on SoundCloud.mp3 */; };
		F0E22BA62705A40E00634349 /* DefaultStyle.swift in Sources */ = {isa = PBXBuildFile; fileRef = F0E22BA52705A40E00634349 /* DefaultStyle.swift */; };
/* End PBXBuildFile section */

/* Begin PBXFileReference section */
		F002BA05270551DC001F3473 /* AppleMusicStApp.app */ = {isa = PBXFileReference; explicitFileType = wrapper.application; includeInIndex = 0; path = AppleMusicStApp.app; sourceTree = BUILT_PRODUCTS_DIR; };
		F002BA08270551DC001F3473 /* AppDelegate.swift */ = {isa = PBXFileReference; lastKnownFileType = sourcecode.swift; path = AppDelegate.swift; sourceTree = "<group>"; };
		F002BA0A270551DC001F3473 /* SceneDelegate.swift */ = {isa = PBXFileReference; lastKnownFileType = sourcecode.swift; path = SceneDelegate.swift; sourceTree = "<group>"; };
		F002BA0C270551DC001F3473 /* ViewController.swift */ = {isa = PBXFileReference; lastKnownFileType = sourcecode.swift; path = ViewController.swift; sourceTree = "<group>"; };
		F002BA0F270551DC001F3473 /* Base */ = {isa = PBXFileReference; lastKnownFileType = file.storyboard; name = Base; path = Base.lproj/Main.storyboard; sourceTree = "<group>"; };
		F002BA11270551DE001F3473 /* Assets.xcassets */ = {isa = PBXFileReference; lastKnownFileType = folder.assetcatalog; path = Assets.xcassets; sourceTree = "<group>"; };
		F002BA14270551DE001F3473 /* Base */ = {isa = PBXFileReference; lastKnownFileType = file.storyboard; name = Base; path = Base.lproj/LaunchScreen.storyboard; sourceTree = "<group>"; };
		F002BA16270551DE001F3473 /* Info.plist */ = {isa = PBXFileReference; lastKnownFileType = text.plist.xml; path = Info.plist; sourceTree = "<group>"; };
		F002BA2A270557DD001F3473 /* HomeViewController.swift */ = {isa = PBXFileReference; lastKnownFileType = sourcecode.swift; path = HomeViewController.swift; sourceTree = "<group>"; };
		F002BA3427058A6E001F3473 /* TrackCollectionViewCell.swift */ = {isa = PBXFileReference; lastKnownFileType = sourcecode.swift; path = TrackCollectionViewCell.swift; sourceTree = "<group>"; };
		F002BA3E27058D24001F3473 /* Extension+AVPlayerItem.swift */ = {isa = PBXFileReference; lastKnownFileType = sourcecode.swift; path = "Extension+AVPlayerItem.swift"; sourceTree = "<group>"; };
		F002BA3F27058D24001F3473 /* Track.swift */ = {isa = PBXFileReference; lastKnownFileType = sourcecode.swift; path = Track.swift; sourceTree = "<group>"; };
		F002BA4027058D24001F3473 /* TrackManager.swift */ = {isa = PBXFileReference; lastKnownFileType = sourcecode.swift; path = TrackManager.swift; sourceTree = "<group>"; };
		F0AA636227069FDD00F7957C /* TrackCollectionHeaderView.swift */ = {isa = PBXFileReference; lastKnownFileType = sourcecode.swift; path = TrackCollectionHeaderView.swift; sourceTree = "<group>"; };
		F0AA63642706C94C00F7957C /* 마미손 - 사랑은.mp3 */ = {isa = PBXFileReference; lastKnownFileType = audio.mp3; name = "마미손 - 사랑은.mp3"; path = "../../../../../Desktop/애플뮤직앱 자료/마미손 - 사랑은.mp3"; sourceTree = "<group>"; };
		F0AA63652706C94C00F7957C /* Jo Jung Suk (조정석) - ALOHA [아로하] Lyrics 가사 [Han Rom Eng] 슬기로운 의사생활 OST Part 3   Hospital Playlist OST.mp3 */ = {isa = PBXFileReference; lastKnownFileType = audio.mp3; name = "Jo Jung Suk (조정석) - ALOHA [아로하] Lyrics 가사 [Han Rom Eng] 슬기로운 의사생활 OST Part 3   Hospital Playlist OST.mp3"; path = "../../../../../Desktop/애플뮤직앱 자료/Jo Jung Suk (조정석) - ALOHA [아로하] Lyrics 가사 [Han Rom Eng] 슬기로운 의사생활 OST Part 3   Hospital Playlist OST.mp3"; sourceTree = "<group>"; };
		F0AA63672706C94C00F7957C /* IU - Coin.mp3 */ = {isa = PBXFileReference; lastKnownFileType = audio.mp3; name = "IU - Coin.mp3"; path = "../../../../../Desktop/애플뮤직앱 자료/IU - Coin.mp3"; sourceTree = "<group>"; };
		F0AA63682706C94C00F7957C /* M.O.M(MSG워너비) - 바라만 본다.mp3 */ = {isa = PBXFileReference; lastKnownFileType = audio.mp3; name = "M.O.M(MSG워너비) - 바라만 본다.mp3"; path = "../../../../../Desktop/애플뮤직앱 자료/M.O.M(MSG워너비) - 바라만 본다.mp3"; sourceTree = "<group>"; };
		F0AA63692706C94C00F7957C /* MSG워너비(정상동기) - 나를 아는 사람.mp3 */ = {isa = PBXFileReference; lastKnownFileType = audio.mp3; name = "MSG워너비(정상동기) - 나를 아는 사람.mp3"; path = "../../../../../Desktop/애플뮤직앱 자료/MSG워너비(정상동기) - 나를 아는 사람.mp3"; sourceTree = "<group>"; };
		F0AA636A2706C94C00F7957C /* 규현 - 내 마음이 움찔했던 순간 (취향저격 그녀 X 규현)   가사.mp3 */ = {isa = PBXFileReference; lastKnownFileType = audio.mp3; name = "규현 - 내 마음이 움찔했던 순간 (취향저격 그녀 X 규현)   가사.mp3"; path = "../../../../../Desktop/애플뮤직앱 자료/규현 - 내 마음이 움찔했던 순간 (취향저격 그녀 X 규현)   가사.mp3"; sourceTree = "<group>"; };
		F0AA636B2706C94C00F7957C /* IU - Flu.mp3 */ = {isa = PBXFileReference; lastKnownFileType = audio.mp3; name = "IU - Flu.mp3"; path = "../../../../../Desktop/애플뮤직앱 자료/IU - Flu.mp3"; sourceTree = "<group>"; };
		F0AA636C2706C94C00F7957C /* STAYC - ASAP.mp3 */ = {isa = PBXFileReference; lastKnownFileType = audio.mp3; name = "STAYC - ASAP.mp3"; path = "../../../../../Desktop/애플뮤직앱 자료/STAYC - ASAP.mp3"; sourceTree = "<group>"; };
		F0AA63762706D14100F7957C /* 24kGoldn - Mood (Lyrics) ft. Iann Dior.mp3 */ = {isa = PBXFileReference; lastKnownFileType = audio.mp3; name = "24kGoldn - Mood (Lyrics) ft. Iann Dior.mp3"; path = "../../../../../Desktop/애플뮤직앱 자료/24kGoldn - Mood (Lyrics) ft. Iann Dior.mp3"; sourceTree = "<group>"; };
		F0AA63782706D3C000F7957C /* Stream K.Will (케이윌) - 시간을 거슬러 (낮에 뜨는 달 X 케이윌) (Back In Time (The Moon during the Day)) by L2Share♫141 _ Listen online for free on SoundCloud.mp3 */ = {isa = PBXFileReference; lastKnownFileType = audio.mp3; name = "Stream K.Will (케이윌) - 시간을 거슬러 (낮에 뜨는 달 X 케이윌) (Back In Time (The Moon during the Day)) by L2Share♫141 _ Listen online for free on SoundCloud.mp3"; path = "../../../../../Desktop/애플뮤직앱 자료/Stream K.Will (케이윌) - 시간을 거슬러 (낮에 뜨는 달 X 케이윌) (Back In Time (The Moon during the Day)) by L2Share♫141 _ Listen online for free on SoundCloud.mp3"; sourceTree = "<group>"; };
		F0AA637A2706D3D000F7957C /* test.jpeg */ = {isa = PBXFileReference; lastKnownFileType = image.jpeg; path = test.jpeg; sourceTree = "<group>"; };
		F0E22BA52705A40E00634349 /* DefaultStyle.swift */ = {isa = PBXFileReference; lastKnownFileType = sourcecode.swift; path = DefaultStyle.swift; sourceTree = "<group>"; };
/* End PBXFileReference section */

/* Begin PBXFrameworksBuildPhase section */
		F002BA02270551DC001F3473 /* Frameworks */ = {
			isa = PBXFrameworksBuildPhase;
			buildActionMask = 2147483647;
			files = (
			);
			runOnlyForDeploymentPostprocessing = 0;
		};
/* End PBXFrameworksBuildPhase section */

/* Begin PBXGroup section */
		F002B9FC270551DC001F3473 = {
			isa = PBXGroup;
			children = (
				F002BA07270551DC001F3473 /* AppleMusicStApp */,
				F002BA06270551DC001F3473 /* Products */,
			);
			sourceTree = "<group>";
		};
		F002BA06270551DC001F3473 /* Products */ = {
			isa = PBXGroup;
			children = (
				F002BA05270551DC001F3473 /* AppleMusicStApp.app */,
			);
			name = Products;
			sourceTree = "<group>";
		};
		F002BA07270551DC001F3473 /* AppleMusicStApp */ = {
			isa = PBXGroup;
			children = (
				F0AA637A2706D3D000F7957C /* test.jpeg */,
				F0E22BA42705A3CA00634349 /* Track */,
				F0E22BA32705A2D800634349 /* Home */,
				F0E22BA72705A42200634349 /* Style */,
				F002BA0C270551DC001F3473 /* ViewController.swift */,
				F002BA13270551DE001F3473 /* LaunchScreen.storyboard */,
				F002BA0A270551DC001F3473 /* SceneDelegate.swift */,
				F002BA08270551DC001F3473 /* AppDelegate.swift */,
				F002BA11270551DE001F3473 /* Assets.xcassets */,
				F002BA16270551DE001F3473 /* Info.plist */,
				F0E22BA22705A29900634349 /* Resources */,
			);
			path = AppleMusicStApp;
			sourceTree = "<group>";
		};
		F0E22BA22705A29900634349 /* Resources */ = {
			isa = PBXGroup;
			children = (
				F0AA63782706D3C000F7957C /* Stream K.Will (케이윌) - 시간을 거슬러 (낮에 뜨는 달 X 케이윌) (Back In Time (The Moon during the Day)) by L2Share♫141 _ Listen online for free on SoundCloud.mp3 */,
				F0AA63762706D14100F7957C /* 24kGoldn - Mood (Lyrics) ft. Iann Dior.mp3 */,
				F0AA636A2706C94C00F7957C /* 규현 - 내 마음이 움찔했던 순간 (취향저격 그녀 X 규현)   가사.mp3 */,
				F0AA63642706C94C00F7957C /* 마미손 - 사랑은.mp3 */,
				F0AA63672706C94C00F7957C /* IU - Coin.mp3 */,
				F0AA636B2706C94C00F7957C /* IU - Flu.mp3 */,
				F0AA63652706C94C00F7957C /* Jo Jung Suk (조정석) - ALOHA [아로하] Lyrics 가사 [Han Rom Eng] 슬기로운 의사생활 OST Part 3   Hospital Playlist OST.mp3 */,
				F0AA63682706C94C00F7957C /* M.O.M(MSG워너비) - 바라만 본다.mp3 */,
				F0AA63692706C94C00F7957C /* MSG워너비(정상동기) - 나를 아는 사람.mp3 */,
				F0AA636C2706C94C00F7957C /* STAYC - ASAP.mp3 */,
			);
			path = Resources;
			sourceTree = "<group>";
		};
		F0E22BA32705A2D800634349 /* Home */ = {
			isa = PBXGroup;
			children = (
				F002BA0E270551DC001F3473 /* Main.storyboard */,
				F002BA3427058A6E001F3473 /* TrackCollectionViewCell.swift */,
				F002BA2A270557DD001F3473 /* HomeViewController.swift */,
				F0AA636227069FDD00F7957C /* TrackCollectionHeaderView.swift */,
			);
			path = Home;
			sourceTree = "<group>";
		};
		F0E22BA42705A3CA00634349 /* Track */ = {
			isa = PBXGroup;
			children = (
				F002BA3F27058D24001F3473 /* Track.swift */,
				F002BA4027058D24001F3473 /* TrackManager.swift */,
				F002BA3E27058D24001F3473 /* Extension+AVPlayerItem.swift */,
			);
			name = Track;
			path = Home;
			sourceTree = "<group>";
		};
		F0E22BA72705A42200634349 /* Style */ = {
			isa = PBXGroup;
			children = (
				F0E22BA52705A40E00634349 /* DefaultStyle.swift */,
			);
			path = Style;
			sourceTree = "<group>";
		};
/* End PBXGroup section */

/* Begin PBXNativeTarget section */
		F002BA04270551DC001F3473 /* AppleMusicStApp */ = {
			isa = PBXNativeTarget;
			buildConfigurationList = F002BA19270551DE001F3473 /* Build configuration list for PBXNativeTarget "AppleMusicStApp" */;
			buildPhases = (
				F002BA01270551DC001F3473 /* Sources */,
				F002BA02270551DC001F3473 /* Frameworks */,
				F002BA03270551DC001F3473 /* Resources */,
			);
			buildRules = (
			);
			dependencies = (
			);
			name = AppleMusicStApp;
			productName = AppleMusicStApp;
			productReference = F002BA05270551DC001F3473 /* AppleMusicStApp.app */;
			productType = "com.apple.product-type.application";
		};
/* End PBXNativeTarget section */

/* Begin PBXProject section */
		F002B9FD270551DC001F3473 /* Project object */ = {
			isa = PBXProject;
			attributes = {
				BuildIndependentTargetsInParallel = 1;
				LastSwiftUpdateCheck = 1300;
				LastUpgradeCheck = 1300;
				TargetAttributes = {
					F002BA04270551DC001F3473 = {
						CreatedOnToolsVersion = 13.0;
					};
				};
			};
			buildConfigurationList = F002BA00270551DC001F3473 /* Build configuration list for PBXProject "AppleMusicStApp" */;
			compatibilityVersion = "Xcode 13.0";
			developmentRegion = en;
			hasScannedForEncodings = 0;
			knownRegions = (
				en,
				Base,
			);
			mainGroup = F002B9FC270551DC001F3473;
			productRefGroup = F002BA06270551DC001F3473 /* Products */;
			projectDirPath = "";
			projectRoot = "";
			targets = (
				F002BA04270551DC001F3473 /* AppleMusicStApp */,
			);
		};
/* End PBXProject section */

/* Begin PBXResourcesBuildPhase section */
		F002BA03270551DC001F3473 /* Resources */ = {
			isa = PBXResourcesBuildPhase;
			buildActionMask = 2147483647;
			files = (
				F0AA63712706C94C00F7957C /* M.O.M(MSG워너비) - 바라만 본다.mp3 in Resources */,
				F002BA15270551DE001F3473 /* LaunchScreen.storyboard in Resources */,
				F0AA636D2706C94C00F7957C /* 마미손 - 사랑은.mp3 in Resources */,
				F0AA63732706C94C00F7957C /* 규현 - 내 마음이 움찔했던 순간 (취향저격 그녀 X 규현)   가사.mp3 in Resources */,
				F0AA63752706C94C00F7957C /* STAYC - ASAP.mp3 in Resources */,
				F0AA63702706C94C00F7957C /* IU - Coin.mp3 in Resources */,
				F0AA63792706D3C000F7957C /* Stream K.Will (케이윌) - 시간을 거슬러 (낮에 뜨는 달 X 케이윌) (Back In Time (The Moon during the Day)) by L2Share♫141 _ Listen online for free on SoundCloud.mp3 in Resources */,
				F0AA63742706C94C00F7957C /* IU - Flu.mp3 in Resources */,
				F002BA12270551DE001F3473 /* Assets.xcassets in Resources */,
				F002BA10270551DC001F3473 /* Main.storyboard in Resources */,
				F0AA636E2706C94C00F7957C /* Jo Jung Suk (조정석) - ALOHA [아로하] Lyrics 가사 [Han Rom Eng] 슬기로운 의사생활 OST Part 3   Hospital Playlist OST.mp3 in Resources */,
				F0AA63772706D14100F7957C /* 24kGoldn - Mood (Lyrics) ft. Iann Dior.mp3 in Resources */,
				F0AA63722706C94C00F7957C /* MSG워너비(정상동기) - 나를 아는 사람.mp3 in Resources */,
			);
			runOnlyForDeploymentPostprocessing = 0;
		};
/* End PBXResourcesBuildPhase section */

/* Begin PBXSourcesBuildPhase section */
		F002BA01270551DC001F3473 /* Sources */ = {
			isa = PBXSourcesBuildPhase;
			buildActionMask = 2147483647;
			files = (
				F002BA0D270551DC001F3473 /* ViewController.swift in Sources */,
				F002BA09270551DC001F3473 /* AppDelegate.swift in Sources */,
				F002BA0B270551DC001F3473 /* SceneDelegate.swift in Sources */,
				F002BA3527058A6E001F3473 /* TrackCollectionViewCell.swift in Sources */,
				F0E22BA62705A40E00634349 /* DefaultStyle.swift in Sources */,
				F002BA4127058D37001F3473 /* Extension+AVPlayerItem.swift in Sources */,
				F002BA4327058D37001F3473 /* TrackManager.swift in Sources */,
				F002BA2B270557DD001F3473 /* HomeViewController.swift in Sources */,
				F002BA4227058D37001F3473 /* Track.swift in Sources */,
				F0AA636327069FDD00F7957C /* TrackCollectionHeaderView.swift in Sources */,
			);
			runOnlyForDeploymentPostprocessing = 0;
		};
/* End PBXSourcesBuildPhase section */

/* Begin PBXVariantGroup section */
		F002BA0E270551DC001F3473 /* Main.storyboard */ = {
			isa = PBXVariantGroup;
			children = (
				F002BA0F270551DC001F3473 /* Base */,
			);
			name = Main.storyboard;
			sourceTree = "<group>";
		};
		F002BA13270551DE001F3473 /* LaunchScreen.storyboard */ = {
			isa = PBXVariantGroup;
			children = (
				F002BA14270551DE001F3473 /* Base */,
			);
			name = LaunchScreen.storyboard;
			sourceTree = "<group>";
		};
/* End PBXVariantGroup section */

/* Begin XCBuildConfiguration section */
		F002BA17270551DE001F3473 /* Debug */ = {
			isa = XCBuildConfiguration;
			buildSettings = {
				ALWAYS_SEARCH_USER_PATHS = NO;
				CLANG_ANALYZER_NONNULL = YES;
				CLANG_ANALYZER_NUMBER_OBJECT_CONVERSION = YES_AGGRESSIVE;
				CLANG_CXX_LANGUAGE_STANDARD = "gnu++17";
				CLANG_CXX_LIBRARY = "libc++";
				CLANG_ENABLE_MODULES = YES;
				CLANG_ENABLE_OBJC_ARC = YES;
				CLANG_ENABLE_OBJC_WEAK = YES;
				CLANG_WARN_BLOCK_CAPTURE_AUTORELEASING = YES;
				CLANG_WARN_BOOL_CONVERSION = YES;
				CLANG_WARN_COMMA = YES;
				CLANG_WARN_CONSTANT_CONVERSION = YES;
				CLANG_WARN_DEPRECATED_OBJC_IMPLEMENTATIONS = YES;
				CLANG_WARN_DIRECT_OBJC_ISA_USAGE = YES_ERROR;
				CLANG_WARN_DOCUMENTATION_COMMENTS = YES;
				CLANG_WARN_EMPTY_BODY = YES;
				CLANG_WARN_ENUM_CONVERSION = YES;
				CLANG_WARN_INFINITE_RECURSION = YES;
				CLANG_WARN_INT_CONVERSION = YES;
				CLANG_WARN_NON_LITERAL_NULL_CONVERSION = YES;
				CLANG_WARN_OBJC_IMPLICIT_RETAIN_SELF = YES;
				CLANG_WARN_OBJC_LITERAL_CONVERSION = YES;
				CLANG_WARN_OBJC_ROOT_CLASS = YES_ERROR;
				CLANG_WARN_QUOTED_INCLUDE_IN_FRAMEWORK_HEADER = YES;
				CLANG_WARN_RANGE_LOOP_ANALYSIS = YES;
				CLANG_WARN_STRICT_PROTOTYPES = YES;
				CLANG_WARN_SUSPICIOUS_MOVE = YES;
				CLANG_WARN_UNGUARDED_AVAILABILITY = YES_AGGRESSIVE;
				CLANG_WARN_UNREACHABLE_CODE = YES;
				CLANG_WARN__DUPLICATE_METHOD_MATCH = YES;
				COPY_PHASE_STRIP = NO;
				DEBUG_INFORMATION_FORMAT = dwarf;
				ENABLE_STRICT_OBJC_MSGSEND = YES;
				ENABLE_TESTABILITY = YES;
				GCC_C_LANGUAGE_STANDARD = gnu11;
				GCC_DYNAMIC_NO_PIC = NO;
				GCC_NO_COMMON_BLOCKS = YES;
				GCC_OPTIMIZATION_LEVEL = 0;
				GCC_PREPROCESSOR_DEFINITIONS = (
					"DEBUG=1",
					"$(inherited)",
				);
				GCC_WARN_64_TO_32_BIT_CONVERSION = YES;
				GCC_WARN_ABOUT_RETURN_TYPE = YES_ERROR;
				GCC_WARN_UNDECLARED_SELECTOR = YES;
				GCC_WARN_UNINITIALIZED_AUTOS = YES_AGGRESSIVE;
				GCC_WARN_UNUSED_FUNCTION = YES;
				GCC_WARN_UNUSED_VARIABLE = YES;
				IPHONEOS_DEPLOYMENT_TARGET = 15.0;
				MTL_ENABLE_DEBUG_INFO = INCLUDE_SOURCE;
				MTL_FAST_MATH = YES;
				ONLY_ACTIVE_ARCH = YES;
				SDKROOT = iphoneos;
				SWIFT_ACTIVE_COMPILATION_CONDITIONS = DEBUG;
				SWIFT_OPTIMIZATION_LEVEL = "-Onone";
			};
			name = Debug;
		};
		F002BA18270551DE001F3473 /* Release */ = {
			isa = XCBuildConfiguration;
			buildSettings = {
				ALWAYS_SEARCH_USER_PATHS = NO;
				CLANG_ANALYZER_NONNULL = YES;
				CLANG_ANALYZER_NUMBER_OBJECT_CONVERSION = YES_AGGRESSIVE;
				CLANG_CXX_LANGUAGE_STANDARD = "gnu++17";
				CLANG_CXX_LIBRARY = "libc++";
				CLANG_ENABLE_MODULES = YES;
				CLANG_ENABLE_OBJC_ARC = YES;
				CLANG_ENABLE_OBJC_WEAK = YES;
				CLANG_WARN_BLOCK_CAPTURE_AUTORELEASING = YES;
				CLANG_WARN_BOOL_CONVERSION = YES;
				CLANG_WARN_COMMA = YES;
				CLANG_WARN_CONSTANT_CONVERSION = YES;
				CLANG_WARN_DEPRECATED_OBJC_IMPLEMENTATIONS = YES;
				CLANG_WARN_DIRECT_OBJC_ISA_USAGE = YES_ERROR;
				CLANG_WARN_DOCUMENTATION_COMMENTS = YES;
				CLANG_WARN_EMPTY_BODY = YES;
				CLANG_WARN_ENUM_CONVERSION = YES;
				CLANG_WARN_INFINITE_RECURSION = YES;
				CLANG_WARN_INT_CONVERSION = YES;
				CLANG_WARN_NON_LITERAL_NULL_CONVERSION = YES;
				CLANG_WARN_OBJC_IMPLICIT_RETAIN_SELF = YES;
				CLANG_WARN_OBJC_LITERAL_CONVERSION = YES;
				CLANG_WARN_OBJC_ROOT_CLASS = YES_ERROR;
				CLANG_WARN_QUOTED_INCLUDE_IN_FRAMEWORK_HEADER = YES;
				CLANG_WARN_RANGE_LOOP_ANALYSIS = YES;
				CLANG_WARN_STRICT_PROTOTYPES = YES;
				CLANG_WARN_SUSPICIOUS_MOVE = YES;
				CLANG_WARN_UNGUARDED_AVAILABILITY = YES_AGGRESSIVE;
				CLANG_WARN_UNREACHABLE_CODE = YES;
				CLANG_WARN__DUPLICATE_METHOD_MATCH = YES;
				COPY_PHASE_STRIP = NO;
				DEBUG_INFORMATION_FORMAT = "dwarf-with-dsym";
				ENABLE_NS_ASSERTIONS = NO;
				ENABLE_STRICT_OBJC_MSGSEND = YES;
				GCC_C_LANGUAGE_STANDARD = gnu11;
				GCC_NO_COMMON_BLOCKS = YES;
				GCC_WARN_64_TO_32_BIT_CONVERSION = YES;
				GCC_WARN_ABOUT_RETURN_TYPE = YES_ERROR;
				GCC_WARN_UNDECLARED_SELECTOR = YES;
				GCC_WARN_UNINITIALIZED_AUTOS = YES_AGGRESSIVE;
				GCC_WARN_UNUSED_FUNCTION = YES;
				GCC_WARN_UNUSED_VARIABLE = YES;
				IPHONEOS_DEPLOYMENT_TARGET = 15.0;
				MTL_ENABLE_DEBUG_INFO = NO;
				MTL_FAST_MATH = YES;
				SDKROOT = iphoneos;
				SWIFT_COMPILATION_MODE = wholemodule;
				SWIFT_OPTIMIZATION_LEVEL = "-O";
				VALIDATE_PRODUCT = YES;
			};
			name = Release;
		};
		F002BA1A270551DE001F3473 /* Debug */ = {
			isa = XCBuildConfiguration;
			buildSettings = {
				ASSETCATALOG_COMPILER_APPICON_NAME = AppIcon;
				ASSETCATALOG_COMPILER_GLOBAL_ACCENT_COLOR_NAME = AccentColor;
				CODE_SIGN_STYLE = Automatic;
				CURRENT_PROJECT_VERSION = 1;
				GENERATE_INFOPLIST_FILE = YES;
				INFOPLIST_FILE = AppleMusicStApp/Info.plist;
				INFOPLIST_KEY_UIApplicationSupportsIndirectInputEvents = YES;
				INFOPLIST_KEY_UILaunchStoryboardName = LaunchScreen;
				INFOPLIST_KEY_UIMainStoryboardFile = Main;
				INFOPLIST_KEY_UISupportedInterfaceOrientations_iPad = "UIInterfaceOrientationPortrait UIInterfaceOrientationPortraitUpsideDown UIInterfaceOrientationLandscapeLeft UIInterfaceOrientationLandscapeRight";
				INFOPLIST_KEY_UISupportedInterfaceOrientations_iPhone = "UIInterfaceOrientationPortrait UIInterfaceOrientationLandscapeLeft UIInterfaceOrientationLandscapeRight";
				LD_RUNPATH_SEARCH_PATHS = (
					"$(inherited)",
					"@executable_path/Frameworks",
				);
				MARKETING_VERSION = 1.0;
				PRODUCT_BUNDLE_IDENTIFIER = com.kkd.AppleMusicStApp;
				PRODUCT_NAME = "$(TARGET_NAME)";
				SWIFT_EMIT_LOC_STRINGS = YES;
				SWIFT_VERSION = 5.0;
				TARGETED_DEVICE_FAMILY = "1,2";
			};
			name = Debug;
		};
		F002BA1B270551DE001F3473 /* Release */ = {
			isa = XCBuildConfiguration;
			buildSettings = {
				ASSETCATALOG_COMPILER_APPICON_NAME = AppIcon;
				ASSETCATALOG_COMPILER_GLOBAL_ACCENT_COLOR_NAME = AccentColor;
				CODE_SIGN_STYLE = Automatic;
				CURRENT_PROJECT_VERSION = 1;
				GENERATE_INFOPLIST_FILE = YES;
				INFOPLIST_FILE = AppleMusicStApp/Info.plist;
				INFOPLIST_KEY_UIApplicationSupportsIndirectInputEvents = YES;
				INFOPLIST_KEY_UILaunchStoryboardName = LaunchScreen;
				INFOPLIST_KEY_UIMainStoryboardFile = Main;
				INFOPLIST_KEY_UISupportedInterfaceOrientations_iPad = "UIInterfaceOrientationPortrait UIInterfaceOrientationPortraitUpsideDown UIInterfaceOrientationLandscapeLeft UIInterfaceOrientationLandscapeRight";
				INFOPLIST_KEY_UISupportedInterfaceOrientations_iPhone = "UIInterfaceOrientationPortrait UIInterfaceOrientationLandscapeLeft UIInterfaceOrientationLandscapeRight";
				LD_RUNPATH_SEARCH_PATHS = (
					"$(inherited)",
					"@executable_path/Frameworks",
				);
				MARKETING_VERSION = 1.0;
				PRODUCT_BUNDLE_IDENTIFIER = com.kkd.AppleMusicStApp;
				PRODUCT_NAME = "$(TARGET_NAME)";
				SWIFT_EMIT_LOC_STRINGS = YES;
				SWIFT_VERSION = 5.0;
				TARGETED_DEVICE_FAMILY = "1,2";
			};
			name = Release;
		};
/* End XCBuildConfiguration section */

/* Begin XCConfigurationList section */
		F002BA00270551DC001F3473 /* Build configuration list for PBXProject "AppleMusicStApp" */ = {
			isa = XCConfigurationList;
			buildConfigurations = (
				F002BA17270551DE001F3473 /* Debug */,
				F002BA18270551DE001F3473 /* Release */,
			);
			defaultConfigurationIsVisible = 0;
			defaultConfigurationName = Release;
		};
		F002BA19270551DE001F3473 /* Build configuration list for PBXNativeTarget "AppleMusicStApp" */ = {
			isa = XCConfigurationList;
			buildConfigurations = (
				F002BA1A270551DE001F3473 /* Debug */,
				F002BA1B270551DE001F3473 /* Release */,
			);
			defaultConfigurationIsVisible = 0;
			defaultConfigurationName = Release;
		};
/* End XCConfigurationList section */
	};
	rootObject = F002B9FD270551DC001F3473 /* Project object */;
}
